
Microsoft Visual Studio Solution File, Format Version 12.00
# Visual Studio Version 17
VisualStudioVersion = 17.7.34018.315
MinimumVisualStudioVersion = 10.0.40219.1
Project("{FAE04EC0-301F-11D3-BF4B-00C04F79EFBC}") = "AzureStaticSite", "AzureStaticSite\AzureStaticSite.csproj", "{7556EB73-F539-422D-A15A-C201DDC6A6B6}"
EndProject
Global
	GlobalSection(SolutionConfigurationPlatforms) = preSolution
		Debug|Any CPU = Debug|Any CPU
		Release|Any CPU = Release|Any CPU
	EndGlobalSection
	GlobalSection(ProjectConfigurationPlatforms) = postSolution
		{7556EB73-F539-422D-A15A-C201DDC6A6B6}.Debug|Any CPU.ActiveCfg = Debug|Any CPU
		{7556EB73-F539-422D-A15A-C201DDC6A6B6}.Debug|Any CPU.Build.0 = Debug|Any CPU
		{7556EB73-F539-422D-A15A-C201DDC6A6B6}.Release|Any CPU.ActiveCfg = Release|Any CPU
		{7556EB73-F539-422D-A15A-C201DDC6A6B6}.Release|Any CPU.Build.0 = Release|Any CPU
	EndGlobalSection
	GlobalSection(SolutionProperties) = preSolution
		HideSolutionNode = FALSE
	EndGlobalSection
	GlobalSection(ExtensibilityGlobals) = postSolution
		SolutionGuid = {62077D75-7A3F-4DCF-A156-D8C294647437}
	EndGlobalSection
EndGlobal
